
Microsoft Visual Studio Solution File, Format Version 12.00
# Visual Studio Version 16
VisualStudioVersion = 16.0.31702.278
MinimumVisualStudioVersion = 10.0.40219.1
Project("{9A19103F-16F7-4668-BE54-9A1E7A4F7556}") = "TheCSharpLearnNote", "TheCSharpLearnNote\TheCSharpLearnNote.csproj", "{0AB7E2B5-ABC6-4406-9015-9B7A145AB38B}"
EndProject
Project("{FAE04EC0-301F-11D3-BF4B-00C04F79EFBC}") = "ConfluentKafka", "ConfluentKafka\ConfluentKafka.csproj", "{556CAB16-5FAD-493F-8891-F30F7338F23B}"
EndProject
Global
	GlobalSection(SolutionConfigurationPlatforms) = preSolution
		Debug|Any CPU = Debug|Any CPU
		Release|Any CPU = Release|Any CPU
	EndGlobalSection
	GlobalSection(ProjectConfigurationPlatforms) = postSolution
		{0AB7E2B5-ABC6-4406-9015-9B7A145AB38B}.Debug|Any CPU.ActiveCfg = Debug|Any CPU
		{0AB7E2B5-ABC6-4406-9015-9B7A145AB38B}.Debug|Any CPU.Build.0 = Debug|Any CPU
		{0AB7E2B5-ABC6-4406-9015-9B7A145AB38B}.Release|Any CPU.ActiveCfg = Release|Any CPU
		{0AB7E2B5-ABC6-4406-9015-9B7A145AB38B}.Release|Any CPU.Build.0 = Release|Any CPU
		{556CAB16-5FAD-493F-8891-F30F7338F23B}.Debug|Any CPU.ActiveCfg = Debug|Any CPU
		{556CAB16-5FAD-493F-8891-F30F7338F23B}.Debug|Any CPU.Build.0 = Debug|Any CPU
		{556CAB16-5FAD-493F-8891-F30F7338F23B}.Release|Any CPU.ActiveCfg = Release|Any CPU
		{556CAB16-5FAD-493F-8891-F30F7338F23B}.Release|Any CPU.Build.0 = Release|Any CPU
	EndGlobalSection
	GlobalSection(SolutionProperties) = preSolution
		HideSolutionNode = FALSE
	EndGlobalSection
	GlobalSection(ExtensibilityGlobals) = postSolution
		SolutionGuid = {66244162-CE77-4011-A7D9-92436E6CDAD5}
	EndGlobalSection
EndGlobal
